
Microsoft Visual Studio Solution File, Format Version 12.00
# Visual Studio Version 16
VisualStudioVersion = 16.0.31105.61
MinimumVisualStudioVersion = 10.0.40219.1
Project("{9A19103F-16F7-4668-BE54-9A1E7A4F7556}") = "Dotflik.Domain", "src\Dotflik.Domain\Dotflik.Domain.csproj", "{527A486C-BADF-4AF6-BEB8-775B84F98E77}"
EndProject
Global
	GlobalSection(SolutionConfigurationPlatforms) = preSolution
		Debug|Any CPU = Debug|Any CPU
		Release|Any CPU = Release|Any CPU
	EndGlobalSection
	GlobalSection(ProjectConfigurationPlatforms) = postSolution
		{527A486C-BADF-4AF6-BEB8-775B84F98E77}.Debug|Any CPU.ActiveCfg = Debug|Any CPU
		{527A486C-BADF-4AF6-BEB8-775B84F98E77}.Debug|Any CPU.Build.0 = Debug|Any CPU
		{527A486C-BADF-4AF6-BEB8-775B84F98E77}.Release|Any CPU.ActiveCfg = Release|Any CPU
		{527A486C-BADF-4AF6-BEB8-775B84F98E77}.Release|Any CPU.Build.0 = Release|Any CPU
	EndGlobalSection
	GlobalSection(SolutionProperties) = preSolution
		HideSolutionNode = FALSE
	EndGlobalSection
	GlobalSection(ExtensibilityGlobals) = postSolution
		SolutionGuid = {0A9ED0A4-9222-4DAC-BE18-3B1737312F8C}
	EndGlobalSection
EndGlobal
